
Microsoft Visual Studio Solution File, Format Version 12.00
# Visual Studio Version 17
VisualStudioVersion = 17.3.32901.215
MinimumVisualStudioVersion = 10.0.40219.1
Project("{FAE04EC0-301F-11D3-BF4B-00C04F79EFBC}") = "UkrashenieApp41IS", "UkrashenieApp41IS\UkrashenieApp41IS.csproj", "{BE1BE1E9-BB68-4469-9EA9-4DD1F0CACD2A}"
EndProject
Global
	GlobalSection(SolutionConfigurationPlatforms) = preSolution
		Debug|Any CPU = Debug|Any CPU
		Release|Any CPU = Release|Any CPU
	EndGlobalSection
	GlobalSection(ProjectConfigurationPlatforms) = postSolution
		{BE1BE1E9-BB68-4469-9EA9-4DD1F0CACD2A}.Debug|Any CPU.ActiveCfg = Debug|Any CPU
		{BE1BE1E9-BB68-4469-9EA9-4DD1F0CACD2A}.Debug|Any CPU.Build.0 = Debug|Any CPU
		{BE1BE1E9-BB68-4469-9EA9-4DD1F0CACD2A}.Release|Any CPU.ActiveCfg = Release|Any CPU
		{BE1BE1E9-BB68-4469-9EA9-4DD1F0CACD2A}.Release|Any CPU.Build.0 = Release|Any CPU
	EndGlobalSection
	GlobalSection(SolutionProperties) = preSolution
		HideSolutionNode = FALSE
	EndGlobalSection
	GlobalSection(ExtensibilityGlobals) = postSolution
		SolutionGuid = {D255E014-569F-4875-A699-7C103E543853}
	EndGlobalSection
EndGlobal
